{
  "name": "clientcrypt",
  "version": "1.0.0",
  "lockfileVersion": 2,
  "requires": true,
  "packages": {
    "": {
      "version": "1.0.0",
      "license": "ISC",
      "devDependencies": {
        "rollup": "^2.45.2",
        "rollup-plugin-sourcemaps": "^0.6.3"
      }
    },
    "node_modules/@rollup/pluginutils": {
      "version": "3.1.0",
      "resolved": "http://localhost:4873/@rollup%2fpluginutils/-/pluginutils-3.1.0.tgz",
      "integrity": "sha512-GksZ6pr6TpIjHm8h9lSQ8pi8BE9VeubNT0OMJ3B5uZJ8pz73NPiqOtCog/x2/QzM1ENChPKxMDhiQuRHsqc+lg==",
      "dev": true,
      "license": "MIT",
      "dependencies": {
        "@types/estree": "0.0.39",
        "estree-walker": "^1.0.1",
        "picomatch": "^2.2.2"
      },
      "engines": {
        "node": ">= 8.0.0"
      },
      "peerDependencies": {
        "rollup": "^1.20.0||^2.0.0"
      }
    },
    "node_modules/@types/estree": {
      "version": "0.0.39",
      "resolved": "http://localhost:4873/@types%2festree/-/estree-0.0.39.tgz",
      "integrity": "sha512-EYNwp3bU+98cpU4lAWYYL7Zz+2gryWH1qbdDTidVd6hkiR6weksdbMadyXKXNPEkQFhXM+hVO9ZygomHXp+AIw==",
      "dev": true,
      "license": "MIT"
    },
    "node_modules/atob": {
      "version": "2.1.2",
      "resolved": "http://localhost:4873/atob/-/atob-2.1.2.tgz",
      "integrity": "sha512-Wm6ukoaOGJi/73p/cl2GvLjTI5JM1k/O14isD73YML8StrH/7/lRFgmg8nICZgD3bZZvjwCGxtMOD3wWNAu8cg==",
      "dev": true,
      "license": "(MIT OR Apache-2.0)",
      "bin": {
        "atob": "bin/atob.js"
      },
      "engines": {
        "node": ">= 4.5.0"
      }
    },
    "node_modules/decode-uri-component": {
      "version": "0.2.0",
      "resolved": "http://localhost:4873/decode-uri-component/-/decode-uri-component-0.2.0.tgz",
      "integrity": "sha1-6zkTMzRYd1y4TNGh+uBiEGu4dUU=",
      "dev": true,
      "license": "MIT",
      "engines": {
        "node": ">=0.10"
      }
    },
    "node_modules/estree-walker": {
      "version": "1.0.1",
      "resolved": "http://localhost:4873/estree-walker/-/estree-walker-1.0.1.tgz",
      "integrity": "sha512-1fMXF3YP4pZZVozF8j/ZLfvnR8NSIljt56UhbZ5PeeDmmGHpgpdwQt7ITlGvYaQukCvuBRMLEiKiYC+oeIg4cg==",
      "dev": true,
      "license": "MIT"
    },
    "node_modules/fsevents": {
      "version": "2.3.2",
      "resolved": "http://localhost:4873/fsevents/-/fsevents-2.3.2.tgz",
      "integrity": "sha512-xiqMQR4xAeHTuB9uWm+fFRcIOgKBMiOBP+eXiyT7jsgVCq1bkVygt00oASowB7EdtpOHaaPgKt812P9ab+DDKA==",
      "dev": true,
      "hasInstallScript": true,
      "license": "MIT",
      "optional": true,
      "os": [
        "darwin"
      ],
      "engines": {
        "node": "^8.16.0 || ^10.6.0 || >=11.0.0"
      }
    },
    "node_modules/picomatch": {
      "version": "2.2.3",
      "resolved": "http://localhost:4873/picomatch/-/picomatch-2.2.3.tgz",
      "integrity": "sha512-KpELjfwcCDUb9PeigTs2mBJzXUPzAuP2oPcA989He8Rte0+YUAjw1JVedDhuTKPkHjSYzMN3npC9luThGYEKdg==",
      "dev": true,
      "license": "MIT",
      "engines": {
        "node": ">=8.6"
      },
      "funding": {
        "url": "https://github.com/sponsors/jonschlinkert"
      }
    },
    "node_modules/rollup": {
      "version": "2.45.2",
      "resolved": "http://localhost:4873/rollup/-/rollup-2.45.2.tgz",
      "integrity": "sha512-kRRU7wXzFHUzBIv0GfoFFIN3m9oteY4uAsKllIpQDId5cfnkWF2J130l+27dzDju0E6MScKiV0ZM5Bw8m4blYQ==",
      "dev": true,
      "license": "MIT",
      "bin": {
        "rollup": "dist/bin/rollup"
      },
      "engines": {
        "node": ">=10.0.0"
      },
      "optionalDependencies": {
        "fsevents": "~2.3.1"
      }
    },
    "node_modules/rollup-plugin-sourcemaps": {
      "version": "0.6.3",
      "resolved": "http://localhost:4873/rollup-plugin-sourcemaps/-/rollup-plugin-sourcemaps-0.6.3.tgz",
      "integrity": "sha512-paFu+nT1xvuO1tPFYXGe+XnQvg4Hjqv/eIhG8i5EspfYYPBKL57X7iVbfv55aNVASg3dzWvES9dmWsL2KhfByw==",
      "dev": true,
      "license": "MIT",
      "dependencies": {
        "@rollup/pluginutils": "^3.0.9",
        "source-map-resolve": "^0.6.0"
      },
      "engines": {
        "node": ">=10.0.0"
      },
      "peerDependencies": {
        "@types/node": ">=10.0.0",
        "rollup": ">=0.31.2"
      },
      "peerDependenciesMeta": {
        "@types/node": {
          "optional": true
        }
      }
    },
    "node_modules/source-map-resolve": {
      "version": "0.6.0",
      "resolved": "http://localhost:4873/source-map-resolve/-/source-map-resolve-0.6.0.tgz",
      "integrity": "sha512-KXBr9d/fO/bWo97NXsPIAW1bFSBOuCnjbNTBMO7N59hsv5i9yzRDfcYwwt0l04+VqnKC+EwzvJZIP/qkuMgR/w==",
      "dev": true,
      "license": "MIT",
      "dependencies": {
        "atob": "^2.1.2",
        "decode-uri-component": "^0.2.0"
      }
    }
  },
  "dependencies": {
    "@rollup/pluginutils": {
      "version": "3.1.0",
      "resolved": "http://localhost:4873/@rollup%2fpluginutils/-/pluginutils-3.1.0.tgz",
      "integrity": "sha512-GksZ6pr6TpIjHm8h9lSQ8pi8BE9VeubNT0OMJ3B5uZJ8pz73NPiqOtCog/x2/QzM1ENChPKxMDhiQuRHsqc+lg==",
      "dev": true,
      "requires": {
        "@types/estree": "0.0.39",
        "estree-walker": "^1.0.1",
        "picomatch": "^2.2.2"
      }
    },
    "@types/estree": {
      "version": "0.0.39",
      "resolved": "http://localhost:4873/@types%2festree/-/estree-0.0.39.tgz",
      "integrity": "sha512-EYNwp3bU+98cpU4lAWYYL7Zz+2gryWH1qbdDTidVd6hkiR6weksdbMadyXKXNPEkQFhXM+hVO9ZygomHXp+AIw==",
      "dev": true
    },
    "atob": {
      "version": "2.1.2",
      "resolved": "http://localhost:4873/atob/-/atob-2.1.2.tgz",
      "integrity": "sha512-Wm6ukoaOGJi/73p/cl2GvLjTI5JM1k/O14isD73YML8StrH/7/lRFgmg8nICZgD3bZZvjwCGxtMOD3wWNAu8cg==",
      "dev": true
    },
    "decode-uri-component": {
      "version": "0.2.0",
      "resolved": "http://localhost:4873/decode-uri-component/-/decode-uri-component-0.2.0.tgz",
      "integrity": "sha1-6zkTMzRYd1y4TNGh+uBiEGu4dUU=",
      "dev": true
    },
    "estree-walker": {
      "version": "1.0.1",
      "resolved": "http://localhost:4873/estree-walker/-/estree-walker-1.0.1.tgz",
      "integrity": "sha512-1fMXF3YP4pZZVozF8j/ZLfvnR8NSIljt56UhbZ5PeeDmmGHpgpdwQt7ITlGvYaQukCvuBRMLEiKiYC+oeIg4cg==",
      "dev": true
    },
    "fsevents": {
      "version": "2.3.2",
      "resolved": "http://localhost:4873/fsevents/-/fsevents-2.3.2.tgz",
      "integrity": "sha512-xiqMQR4xAeHTuB9uWm+fFRcIOgKBMiOBP+eXiyT7jsgVCq1bkVygt00oASowB7EdtpOHaaPgKt812P9ab+DDKA==",
      "dev": true,
      "optional": true
    },
    "picomatch": {
      "version": "2.2.3",
      "resolved": "http://localhost:4873/picomatch/-/picomatch-2.2.3.tgz",
      "integrity": "sha512-KpELjfwcCDUb9PeigTs2mBJzXUPzAuP2oPcA989He8Rte0+YUAjw1JVedDhuTKPkHjSYzMN3npC9luThGYEKdg==",
      "dev": true
    },
    "rollup": {
      "version": "2.45.2",
      "resolved": "http://localhost:4873/rollup/-/rollup-2.45.2.tgz",
      "integrity": "sha512-kRRU7wXzFHUzBIv0GfoFFIN3m9oteY4uAsKllIpQDId5cfnkWF2J130l+27dzDju0E6MScKiV0ZM5Bw8m4blYQ==",
      "dev": true,
      "requires": {
        "fsevents": "~2.3.1"
      }
    },
    "rollup-plugin-sourcemaps": {
      "version": "0.6.3",
      "resolved": "http://localhost:4873/rollup-plugin-sourcemaps/-/rollup-plugin-sourcemaps-0.6.3.tgz",
      "integrity": "sha512-paFu+nT1xvuO1tPFYXGe+XnQvg4Hjqv/eIhG8i5EspfYYPBKL57X7iVbfv55aNVASg3dzWvES9dmWsL2KhfByw==",
      "dev": true,
      "requires": {
        "@rollup/pluginutils": "^3.0.9",
        "source-map-resolve": "^0.6.0"
      }
    },
    "source-map-resolve": {
      "version": "0.6.0",
      "resolved": "http://localhost:4873/source-map-resolve/-/source-map-resolve-0.6.0.tgz",
      "integrity": "sha512-KXBr9d/fO/bWo97NXsPIAW1bFSBOuCnjbNTBMO7N59hsv5i9yzRDfcYwwt0l04+VqnKC+EwzvJZIP/qkuMgR/w==",
      "dev": true,
      "requires": {
        "atob": "^2.1.2",
        "decode-uri-component": "^0.2.0"
      }
    }
  }
}
